
Microsoft Visual Studio Solution File, Format Version 12.00
Project("{FAE04EC0-301F-11D3-BF4B-00C04F79EFBC}") = "RegexFilters", "RegexFilters\RegexFilters.csproj", "{401CFF53-3865-48DC-B1CF-C2D10902DA0D}"
EndProject
Project("{FAE04EC0-301F-11D3-BF4B-00C04F79EFBC}") = "RegexFilters.Tests", "RegexFilters.Tests\RegexFilters.Tests.csproj", "{34A30B86-2209-4D3D-B1EC-B09FA08960A0}"
EndProject
Global
	GlobalSection(SolutionConfigurationPlatforms) = preSolution
		Debug|Any CPU = Debug|Any CPU
		Release|Any CPU = Release|Any CPU
	EndGlobalSection
	GlobalSection(ProjectConfigurationPlatforms) = postSolution
		{401CFF53-3865-48DC-B1CF-C2D10902DA0D}.Debug|Any CPU.ActiveCfg = Debug|Any CPU
		{401CFF53-3865-48DC-B1CF-C2D10902DA0D}.Debug|Any CPU.Build.0 = Debug|Any CPU
		{401CFF53-3865-48DC-B1CF-C2D10902DA0D}.Release|Any CPU.ActiveCfg = Release|Any CPU
		{401CFF53-3865-48DC-B1CF-C2D10902DA0D}.Release|Any CPU.Build.0 = Release|Any CPU
		{34A30B86-2209-4D3D-B1EC-B09FA08960A0}.Debug|Any CPU.ActiveCfg = Debug|Any CPU
		{34A30B86-2209-4D3D-B1EC-B09FA08960A0}.Debug|Any CPU.Build.0 = Debug|Any CPU
		{34A30B86-2209-4D3D-B1EC-B09FA08960A0}.Release|Any CPU.ActiveCfg = Release|Any CPU
		{34A30B86-2209-4D3D-B1EC-B09FA08960A0}.Release|Any CPU.Build.0 = Release|Any CPU
	EndGlobalSection
EndGlobal
